// !$*UTF8*$!
{
	archiveVersion = 1;
	classes = {
	};
	objectVersion = 77;
	objects = {

/* Begin PBXBuildFile section */
		01BE2DAAA4A424E8A03BAFA0 /* ProviderAndJSONTests.swift in Sources */ = {isa = PBXBuildFile; fileRef = C76BC107B127999638EBC1B0 /* ProviderAndJSONTests.swift */; };
		06682ECFAA3FE93F3FE06424 /* SharedStores.swift in Sources */ = {isa = PBXBuildFile; fileRef = 7FA68BD174EB284E6D13F94C /* SharedStores.swift */; };
		0F75F52A1851EAC7CA5ABA55 /* SharedCore.framework in Frameworks */ = {isa = PBXBuildFile; fileRef = 6851C797EE30B8B90E4A714B /* SharedCore.framework */; };
		10FA4CF0506DDD370FAC75C5 /* VisionAnalysisService.swift in Sources */ = {isa = PBXBuildFile; fileRef = 0077B35E4DF233BD6A55E3BB /* VisionAnalysisService.swift */; };
		16628C9EE7F1B4B39254955E /* SampleHandler.swift in Sources */ = {isa = PBXBuildFile; fileRef = AAD7FF83FED42BBB85E8D0AF /* SampleHandler.swift */; };
		2074D7DEB44509D825F22400 /* FocusActivityAttributes.swift in Sources */ = {isa = PBXBuildFile; fileRef = 7F942A30A50AED3E1DAAB0CE /* FocusActivityAttributes.swift */; };
		21B8FE0720CF88C62AC1E8E0 /* NotificationService.swift in Sources */ = {isa = PBXBuildFile; fileRef = 3671609015985539698FBE4B /* NotificationService.swift */; };
		2273F0606CD1711BDA8E26FA /* BroadcastLifecycle.swift in Sources */ = {isa = PBXBuildFile; fileRef = 6B47EC3A98CF5907756F82A6 /* BroadcastLifecycle.swift */; };
		241787C7EDCE2FDA09584B94 /* BroadcastAuthorizationSheet.swift in Sources */ = {isa = PBXBuildFile; fileRef = FFEF65C7DC6B3D7F41202DE2 /* BroadcastAuthorizationSheet.swift */; };
		2BF4EF6F87788E0AB687D74E /* FocusDuration.swift in Sources */ = {isa = PBXBuildFile; fileRef = 9D2C24562E39CE94D3B3940E /* FocusDuration.swift */; };
		31C9DC0262A9F5297AA25DD9 /* SessionDetailView.swift in Sources */ = {isa = PBXBuildFile; fileRef = C8F34769E26FFD63F0107C82 /* SessionDetailView.swift */; };
		346BF753721191C392FC3772 /* BroadcastPickerView.swift in Sources */ = {isa = PBXBuildFile; fileRef = 33EBA6D38527E68A613E02A4 /* BroadcastPickerView.swift */; };
		37C028AAA2480F611253FEC3 /* DurationPresetEditorView.swift in Sources */ = {isa = PBXBuildFile; fileRef = 839EE0E9E7AAF67B75B3F1E5 /* DurationPresetEditorView.swift */; };
		38463CDA49499DE49904FD23 /* Localizable.xcstrings in Resources */ = {isa = PBXBuildFile; fileRef = 2A0B842F2C103F110F07151D /* Localizable.xcstrings */; };
		4966ACC758F8B90A1D3A9E47 /* RootView.swift in Sources */ = {isa = PBXBuildFile; fileRef = C634AABC14829E456EC76E32 /* RootView.swift */; };
		558D0A55AF6492B3E8E7F0D6 /* FocusModels.swift in Sources */ = {isa = PBXBuildFile; fileRef = 8DD5FF3B5DDC7C68E5B41903 /* FocusModels.swift */; };
		55B3CD8ED97196817860A9B2 /* DHash64.swift in Sources */ = {isa = PBXBuildFile; fileRef = 2DF9560718BF9D2140D52004 /* DHash64.swift */; };
		561E90EC75DFA6F999618E54 /* DurationPickerComponents.swift in Sources */ = {isa = PBXBuildFile; fileRef = C2593EAF7EEB3157FB61353B /* DurationPickerComponents.swift */; };
		56AFECD6EA531C1FD549198A /* SettingsView.swift in Sources */ = {isa = PBXBuildFile; fileRef = 8D5484FB09292392803AACBE /* SettingsView.swift */; };
		60AD6A0A2E2C7064E2E50D7D /* Assets.xcassets in Resources */ = {isa = PBXBuildFile; fileRef = 37A3DA685A53635A3DF24B9E /* Assets.xcassets */; };
		616D6ECA5379562E033B2FB7 /* InterventionEngine.swift in Sources */ = {isa = PBXBuildFile; fileRef = AA9C2D3A0D4D6D3E938CB021 /* InterventionEngine.swift */; };
		6314533933599DCAB5D6FB66 /* SharedCore.framework in Frameworks */ = {isa = PBXBuildFile; fileRef = 6851C797EE30B8B90E4A714B /* SharedCore.framework */; };
		68C8969F44A1DA4D72C255B2 /* BackupModels.swift in Sources */ = {isa = PBXBuildFile; fileRef = BF02E223CCA763B81ED5317C /* BackupModels.swift */; };
		6F023C3F7F3CFF00B4845C38 /* SharedCore.framework in Frameworks */ = {isa = PBXBuildFile; fileRef = 6851C797EE30B8B90E4A714B /* SharedCore.framework */; };
		7067FE3A9455C922BFDC2DC5 /* LiveActivityController.swift in Sources */ = {isa = PBXBuildFile; fileRef = C312E4D886749D7E080F4E6F /* LiveActivityController.swift */; };
		7A984C307EF67595E50F627E /* FocusCard.swift in Sources */ = {isa = PBXBuildFile; fileRef = 0B9B6DE8C532F3E23D357385 /* FocusCard.swift */; };
		7C5FC8050F517C2E7854D429 /* HistoryView.swift in Sources */ = {isa = PBXBuildFile; fileRef = 332D16B5C4C60F4E67C5FEFA /* HistoryView.swift */; };
		7CACC00B38E31F7F074E22AA /* KeychainAccessGroupResolver.swift in Sources */ = {isa = PBXBuildFile; fileRef = 93C018B1B74AFD2FE72513AD /* KeychainAccessGroupResolver.swift */; };
		7E2F80AFA0F70D01C0F88F04 /* ProviderEditorView.swift in Sources */ = {isa = PBXBuildFile; fileRef = 6A10E325E4BB926993FEDE5E /* ProviderEditorView.swift */; };
		84E0F493172B1683174C331F /* SessionMetricsTests.swift in Sources */ = {isa = PBXBuildFile; fileRef = 5813ED4B822218FC06EE6E13 /* SessionMetricsTests.swift */; };
		878413CF6DBABEB9E4F7B5FD /* AppRouter.swift in Sources */ = {isa = PBXBuildFile; fileRef = 6F11FBF80A302761A362298E /* AppRouter.swift */; };
		8AF9D5D58991E6BA33694911 /* ProviderConfig.swift in Sources */ = {isa = PBXBuildFile; fileRef = 7E94551C23ED2BB967E1A31C /* ProviderConfig.swift */; };
		8BF2F767C00DD9F9FED81790 /* Localizable.xcstrings in Resources */ = {isa = PBXBuildFile; fileRef = 2A0B842F2C103F110F07151D /* Localizable.xcstrings */; };
		8C6A16E3C9DFAA86CBCA7515 /* ProviderStore.swift in Sources */ = {isa = PBXBuildFile; fileRef = BAB29E367C8F96CAA7EEF4B7 /* ProviderStore.swift */; };
		8CC3A7EEBFD41DF814B5F184 /* FocusGuardWidget.appex in Embed Foundation Extensions */ = {isa = PBXBuildFile; fileRef = 1856439036532F30A9A638FD /* FocusGuardWidget.appex */; settings = {ATTRIBUTES = (RemoveHeadersOnCopy, ); }; };
		9066B4E45B8AC9E377349625 /* SharedStoresTests.swift in Sources */ = {isa = PBXBuildFile; fileRef = C8E0D1AC30A119BF5D946F01 /* SharedStoresTests.swift */; };
		920C82D11708E388249CF192 /* SessionMetrics.swift in Sources */ = {isa = PBXBuildFile; fileRef = 705636130CAF664906C21E4A /* SessionMetrics.swift */; };
		96DF9206F2027D5C99BF996A /* ReminderPreferences.swift in Sources */ = {isa = PBXBuildFile; fileRef = 2444363C565B8C21A6E2E92D /* ReminderPreferences.swift */; };
		9CA2A8B47AD27627B5CA4AA7 /* HomeView.swift in Sources */ = {isa = PBXBuildFile; fileRef = D12225BE5BF502C3AA38A94F /* HomeView.swift */; };
		9CDDA8D2BD510B185BD61259 /* SharedCore.framework in Frameworks */ = {isa = PBXBuildFile; fileRef = 6851C797EE30B8B90E4A714B /* SharedCore.framework */; };
		A74695CCF38110C71BF7000D /* AppSmokeTests.swift in Sources */ = {isa = PBXBuildFile; fileRef = A0F6E6538DA76CA0CBE1400D /* AppSmokeTests.swift */; };
		B24DC0853505552918C2AA93 /* BroadcastImageProcessor.swift in Sources */ = {isa = PBXBuildFile; fileRef = CACAA698CA5414AE384C2B89 /* BroadcastImageProcessor.swift */; };
		B48C46A5C3831948F6747EDB /* AnalysisPreferences.swift in Sources */ = {isa = PBXBuildFile; fileRef = DC4362BA9E6E8227979E76D7 /* AnalysisPreferences.swift */; };
		B5AD406D6FB0D8B9E24277FF /* FocusAnalytics.swift in Sources */ = {isa = PBXBuildFile; fileRef = 77319C3AA374807D9BCE9ADF /* FocusAnalytics.swift */; };
		C0B2D571C58B488065597E68 /* OnboardingView.swift in Sources */ = {isa = PBXBuildFile; fileRef = 61B97656D00A6B872968ABB4 /* OnboardingView.swift */; };
		CCBC9181746939F92E74075C /* FocusActivityAttributes.swift in Sources */ = {isa = PBXBuildFile; fileRef = 7F942A30A50AED3E1DAAB0CE /* FocusActivityAttributes.swift */; };
		CD84938A574833CFDEDD87E6 /* InterventionEngineTests.swift in Sources */ = {isa = PBXBuildFile; fileRef = 3ADBF26507C4304152A1E88F /* InterventionEngineTests.swift */; };
		CE4520EB1A503009D8241783 /* FocusGuardWidget.swift in Sources */ = {isa = PBXBuildFile; fileRef = 52BC748842A2A96DB63C3C83 /* FocusGuardWidget.swift */; };
		CF1DC3527DFF0A19BC57CA85 /* Localizable.xcstrings in Resources */ = {isa = PBXBuildFile; fileRef = 2A0B842F2C103F110F07151D /* Localizable.xcstrings */; };
		D5D8725866E58137ABF683F4 /* BackupCoordinator.swift in Sources */ = {isa = PBXBuildFile; fileRef = 24E523C420700029A404BBA8 /* BackupCoordinator.swift */; };
		D78C8AD6BA3FE4443E119DDE /* DHash64Tests.swift in Sources */ = {isa = PBXBuildFile; fileRef = DCD8DFEBA1D1341282E70F61 /* DHash64Tests.swift */; };
		DE1C12277FDAE96F64D53182 /* DurationPreferences.swift in Sources */ = {isa = PBXBuildFile; fileRef = 0387C671696BAEB63EEF5ACC /* DurationPreferences.swift */; };
		E546DB74D9C908FBC5BB859F /* FocusGuardApp.swift in Sources */ = {isa = PBXBuildFile; fileRef = 7D58EE69A6541B65597EF0D1 /* FocusGuardApp.swift */; };
		EB4A2F6CD42E44CCE111BAC6 /* KeychainStore.swift in Sources */ = {isa = PBXBuildFile; fileRef = A9A1C42C7857A42190B93C58 /* KeychainStore.swift */; };
		ED4F4D0F34B2760208E469FF /* AppModel.swift in Sources */ = {isa = PBXBuildFile; fileRef = 536F3B6EC85D51A7292DEAB0 /* AppModel.swift */; };
		F19E50DBE25CE25940AE035A /* SharedKeychainBridge.swift in Sources */ = {isa = PBXBuildFile; fileRef = 3CB5F270CFE6C0E0C5421F77 /* SharedKeychainBridge.swift */; };
		F5C8C344D50BEEE1F6DD0E12 /* BroadcastUploadExtension.appex in Embed Foundation Extensions */ = {isa = PBXBuildFile; fileRef = 925038D467817288BF03C5CA /* BroadcastUploadExtension.appex */; settings = {ATTRIBUTES = (RemoveHeadersOnCopy, ); }; };
		FAD55AEBD3DD9326BAABE7EA /* SharedConstants.swift in Sources */ = {isa = PBXBuildFile; fileRef = 7E08D419DD0D19E1D6B94072 /* SharedConstants.swift */; };
/* End PBXBuildFile section */

/* Begin PBXContainerItemProxy section */
		1750F0973B3F8A8FF48693DA /* PBXContainerItemProxy */ = {
			isa = PBXContainerItemProxy;
			containerPortal = 5BDC1D06F5E2185760F6E71D /* Project object */;
			proxyType = 1;
			remoteGlobalIDString = 7C39C17FA58FEF50B801BCAA;
			remoteInfo = BroadcastUploadExtension;
		};
		94D6CD6A67C60B2320309990 /* PBXContainerItemProxy */ = {
			isa = PBXContainerItemProxy;
			containerPortal = 5BDC1D06F5E2185760F6E71D /* Project object */;
			proxyType = 1;
			remoteGlobalIDString = FF6C5718A0A786EE94C4B4A8;
			remoteInfo = FocusGuardWidget;
		};
		B608FF086613C8251F6CDFF5 /* PBXContainerItemProxy */ = {
			isa = PBXContainerItemProxy;
			containerPortal = 5BDC1D06F5E2185760F6E71D /* Project object */;
			proxyType = 1;
			remoteGlobalIDString = C9595EF0B13423C24557285B;
			remoteInfo = SharedCore;
		};
		D4ACDFE321A4FB4CD9912484 /* PBXContainerItemProxy */ = {
			isa = PBXContainerItemProxy;
			containerPortal = 5BDC1D06F5E2185760F6E71D /* Project object */;
			proxyType = 1;
			remoteGlobalIDString = C9595EF0B13423C24557285B;
			remoteInfo = SharedCore;
		};
		D530AEFA73A272364884337B /* PBXContainerItemProxy */ = {
			isa = PBXContainerItemProxy;
			containerPortal = 5BDC1D06F5E2185760F6E71D /* Project object */;
			proxyType = 1;
			remoteGlobalIDString = C9595EF0B13423C24557285B;
			remoteInfo = SharedCore;
		};
		F279E78769A11D7FAF28B16D /* PBXContainerItemProxy */ = {
			isa = PBXContainerItemProxy;
			containerPortal = 5BDC1D06F5E2185760F6E71D /* Project object */;
			proxyType = 1;
			remoteGlobalIDString = C9595EF0B13423C24557285B;
			remoteInfo = SharedCore;
		};
/* End PBXContainerItemProxy section */

/* Begin PBXCopyFilesBuildPhase section */
		45BC7CD01F93ED057061465B /* Embed Foundation Extensions */ = {
			isa = PBXCopyFilesBuildPhase;
			buildActionMask = 2147483647;
			dstPath = "";
			dstSubfolderSpec = 13;
			files = (
				F5C8C344D50BEEE1F6DD0E12 /* BroadcastUploadExtension.appex in Embed Foundation Extensions */,
				8CC3A7EEBFD41DF814B5F184 /* FocusGuardWidget.appex in Embed Foundation Extensions */,
			);
			name = "Embed Foundation Extensions";
			runOnlyForDeploymentPostprocessing = 0;
		};
/* End PBXCopyFilesBuildPhase section */

/* Begin PBXFileReference section */
		0077B35E4DF233BD6A55E3BB /* VisionAnalysisService.swift */ = {isa = PBXFileReference; lastKnownFileType = sourcecode.swift; path = VisionAnalysisService.swift; sourceTree = "<group>"; };
		0387C671696BAEB63EEF5ACC /* DurationPreferences.swift */ = {isa = PBXFileReference; lastKnownFileType = sourcecode.swift; path = DurationPreferences.swift; sourceTree = "<group>"; };
		0B9B6DE8C532F3E23D357385 /* FocusCard.swift */ = {isa = PBXFileReference; lastKnownFileType = sourcecode.swift; path = FocusCard.swift; sourceTree = "<group>"; };
		0BDFE5C85A638371D481520C /* FocusGuardTests.xctest */ = {isa = PBXFileReference; includeInIndex = 0; lastKnownFileType = wrapper.cfbundle; path = FocusGuardTests.xctest; sourceTree = BUILT_PRODUCTS_DIR; };
		1856439036532F30A9A638FD /* FocusGuardWidget.appex */ = {isa = PBXFileReference; includeInIndex = 0; lastKnownFileType = "wrapper.app-extension"; path = FocusGuardWidget.appex; sourceTree = BUILT_PRODUCTS_DIR; };
		2444363C565B8C21A6E2E92D /* ReminderPreferences.swift */ = {isa = PBXFileReference; lastKnownFileType = sourcecode.swift; path = ReminderPreferences.swift; sourceTree = "<group>"; };
		24E523C420700029A404BBA8 /* BackupCoordinator.swift */ = {isa = PBXFileReference; lastKnownFileType = sourcecode.swift; path = BackupCoordinator.swift; sourceTree = "<group>"; };
		2A0B842F2C103F110F07151D /* Localizable.xcstrings */ = {isa = PBXFileReference; lastKnownFileType = text.json.xcstrings; path = Localizable.xcstrings; sourceTree = "<group>"; };
		2DF9560718BF9D2140D52004 /* DHash64.swift */ = {isa = PBXFileReference; lastKnownFileType = sourcecode.swift; path = DHash64.swift; sourceTree = "<group>"; };
		332D16B5C4C60F4E67C5FEFA /* HistoryView.swift */ = {isa = PBXFileReference; lastKnownFileType = sourcecode.swift; path = HistoryView.swift; sourceTree = "<group>"; };
		33EBA6D38527E68A613E02A4 /* BroadcastPickerView.swift */ = {isa = PBXFileReference; lastKnownFileType = sourcecode.swift; path = BroadcastPickerView.swift; sourceTree = "<group>"; };
		3671609015985539698FBE4B /* NotificationService.swift */ = {isa = PBXFileReference; lastKnownFileType = sourcecode.swift; path = NotificationService.swift; sourceTree = "<group>"; };
		37A3DA685A53635A3DF24B9E /* Assets.xcassets */ = {isa = PBXFileReference; lastKnownFileType = folder.assetcatalog; path = Assets.xcassets; sourceTree = "<group>"; };
		3ADBF26507C4304152A1E88F /* InterventionEngineTests.swift */ = {isa = PBXFileReference; lastKnownFileType = sourcecode.swift; path = InterventionEngineTests.swift; sourceTree = "<group>"; };
		3B5FFF0B5DE83442D7933874 /* Info.plist */ = {isa = PBXFileReference; lastKnownFileType = text.plist; path = Info.plist; sourceTree = "<group>"; };
		3CB5F270CFE6C0E0C5421F77 /* SharedKeychainBridge.swift */ = {isa = PBXFileReference; lastKnownFileType = sourcecode.swift; path = SharedKeychainBridge.swift; sourceTree = "<group>"; };
		52BC748842A2A96DB63C3C83 /* FocusGuardWidget.swift */ = {isa = PBXFileReference; lastKnownFileType = sourcecode.swift; path = FocusGuardWidget.swift; sourceTree = "<group>"; };
		536F3B6EC85D51A7292DEAB0 /* AppModel.swift */ = {isa = PBXFileReference; lastKnownFileType = sourcecode.swift; path = AppModel.swift; sourceTree = "<group>"; };
		56D598064EECFEB0E6921C98 /* Signing.xcconfig */ = {isa = PBXFileReference; lastKnownFileType = text.xcconfig; path = Signing.xcconfig; sourceTree = "<group>"; };
		5813ED4B822218FC06EE6E13 /* SessionMetricsTests.swift */ = {isa = PBXFileReference; lastKnownFileType = sourcecode.swift; path = SessionMetricsTests.swift; sourceTree = "<group>"; };
		61B97656D00A6B872968ABB4 /* OnboardingView.swift */ = {isa = PBXFileReference; lastKnownFileType = sourcecode.swift; path = OnboardingView.swift; sourceTree = "<group>"; };
		6851C797EE30B8B90E4A714B /* SharedCore.framework */ = {isa = PBXFileReference; explicitFileType = wrapper.framework; includeInIndex = 0; path = SharedCore.framework; sourceTree = BUILT_PRODUCTS_DIR; };
		6A10E325E4BB926993FEDE5E /* ProviderEditorView.swift */ = {isa = PBXFileReference; lastKnownFileType = sourcecode.swift; path = ProviderEditorView.swift; sourceTree = "<group>"; };
		6B47EC3A98CF5907756F82A6 /* BroadcastLifecycle.swift */ = {isa = PBXFileReference; lastKnownFileType = sourcecode.swift; path = BroadcastLifecycle.swift; sourceTree = "<group>"; };
		6F11FBF80A302761A362298E /* AppRouter.swift */ = {isa = PBXFileReference; lastKnownFileType = sourcecode.swift; path = AppRouter.swift; sourceTree = "<group>"; };
		705636130CAF664906C21E4A /* SessionMetrics.swift */ = {isa = PBXFileReference; lastKnownFileType = sourcecode.swift; path = SessionMetrics.swift; sourceTree = "<group>"; };
		77319C3AA374807D9BCE9ADF /* FocusAnalytics.swift */ = {isa = PBXFileReference; lastKnownFileType = sourcecode.swift; path = FocusAnalytics.swift; sourceTree = "<group>"; };
		7D58EE69A6541B65597EF0D1 /* FocusGuardApp.swift */ = {isa = PBXFileReference; lastKnownFileType = sourcecode.swift; path = FocusGuardApp.swift; sourceTree = "<group>"; };
		7E08D419DD0D19E1D6B94072 /* SharedConstants.swift */ = {isa = PBXFileReference; lastKnownFileType = sourcecode.swift; path = SharedConstants.swift; sourceTree = "<group>"; };
		7E1EDDAA0545C032658FDBAD /* Info.plist */ = {isa = PBXFileReference; lastKnownFileType = text.plist; path = Info.plist; sourceTree = "<group>"; };
		7E94551C23ED2BB967E1A31C /* ProviderConfig.swift */ = {isa = PBXFileReference; lastKnownFileType = sourcecode.swift; path = ProviderConfig.swift; sourceTree = "<group>"; };
		7F942A30A50AED3E1DAAB0CE /* FocusActivityAttributes.swift */ = {isa = PBXFileReference; lastKnownFileType = sourcecode.swift; path = FocusActivityAttributes.swift; sourceTree = "<group>"; };
		7FA68BD174EB284E6D13F94C /* SharedStores.swift */ = {isa = PBXFileReference; lastKnownFileType = sourcecode.swift; path = SharedStores.swift; sourceTree = "<group>"; };
		839EE0E9E7AAF67B75B3F1E5 /* DurationPresetEditorView.swift */ = {isa = PBXFileReference; lastKnownFileType = sourcecode.swift; path = DurationPresetEditorView.swift; sourceTree = "<group>"; };
		8D5484FB09292392803AACBE /* SettingsView.swift */ = {isa = PBXFileReference; lastKnownFileType = sourcecode.swift; path = SettingsView.swift; sourceTree = "<group>"; };
		8DD5FF3B5DDC7C68E5B41903 /* FocusModels.swift */ = {isa = PBXFileReference; lastKnownFileType = sourcecode.swift; path = FocusModels.swift; sourceTree = "<group>"; };
		925038D467817288BF03C5CA /* BroadcastUploadExtension.appex */ = {isa = PBXFileReference; includeInIndex = 0; lastKnownFileType = "wrapper.app-extension"; path = BroadcastUploadExtension.appex; sourceTree = BUILT_PRODUCTS_DIR; };
		93C018B1B74AFD2FE72513AD /* KeychainAccessGroupResolver.swift */ = {isa = PBXFileReference; lastKnownFileType = sourcecode.swift; path = KeychainAccessGroupResolver.swift; sourceTree = "<group>"; };
		9D2C24562E39CE94D3B3940E /* FocusDuration.swift */ = {isa = PBXFileReference; lastKnownFileType = sourcecode.swift; path = FocusDuration.swift; sourceTree = "<group>"; };
		A0F6E6538DA76CA0CBE1400D /* AppSmokeTests.swift */ = {isa = PBXFileReference; lastKnownFileType = sourcecode.swift; path = AppSmokeTests.swift; sourceTree = "<group>"; };
		A9A1C42C7857A42190B93C58 /* KeychainStore.swift */ = {isa = PBXFileReference; lastKnownFileType = sourcecode.swift; path = KeychainStore.swift; sourceTree = "<group>"; };
		AA9C2D3A0D4D6D3E938CB021 /* InterventionEngine.swift */ = {isa = PBXFileReference; lastKnownFileType = sourcecode.swift; path = InterventionEngine.swift; sourceTree = "<group>"; };
		AAD7FF83FED42BBB85E8D0AF /* SampleHandler.swift */ = {isa = PBXFileReference; lastKnownFileType = sourcecode.swift; path = SampleHandler.swift; sourceTree = "<group>"; };
		BAB29E367C8F96CAA7EEF4B7 /* ProviderStore.swift */ = {isa = PBXFileReference; lastKnownFileType = sourcecode.swift; path = ProviderStore.swift; sourceTree = "<group>"; };
		BF02E223CCA763B81ED5317C /* BackupModels.swift */ = {isa = PBXFileReference; lastKnownFileType = sourcecode.swift; path = BackupModels.swift; sourceTree = "<group>"; };
		C2593EAF7EEB3157FB61353B /* DurationPickerComponents.swift */ = {isa = PBXFileReference; lastKnownFileType = sourcecode.swift; path = DurationPickerComponents.swift; sourceTree = "<group>"; };
		C312E4D886749D7E080F4E6F /* LiveActivityController.swift */ = {isa = PBXFileReference; lastKnownFileType = sourcecode.swift; path = LiveActivityController.swift; sourceTree = "<group>"; };
		C5A9A6B3A2300DE7E4C6F25B /* FocusGuard.app */ = {isa = PBXFileReference; includeInIndex = 0; lastKnownFileType = wrapper.application; path = FocusGuard.app; sourceTree = BUILT_PRODUCTS_DIR; };
		C634AABC14829E456EC76E32 /* RootView.swift */ = {isa = PBXFileReference; lastKnownFileType = sourcecode.swift; path = RootView.swift; sourceTree = "<group>"; };
		C76BC107B127999638EBC1B0 /* ProviderAndJSONTests.swift */ = {isa = PBXFileReference; lastKnownFileType = sourcecode.swift; path = ProviderAndJSONTests.swift; sourceTree = "<group>"; };
		C8E0D1AC30A119BF5D946F01 /* SharedStoresTests.swift */ = {isa = PBXFileReference; lastKnownFileType = sourcecode.swift; path = SharedStoresTests.swift; sourceTree = "<group>"; };
		C8F34769E26FFD63F0107C82 /* SessionDetailView.swift */ = {isa = PBXFileReference; lastKnownFileType = sourcecode.swift; path = SessionDetailView.swift; sourceTree = "<group>"; };
		CACAA698CA5414AE384C2B89 /* BroadcastImageProcessor.swift */ = {isa = PBXFileReference; lastKnownFileType = sourcecode.swift; path = BroadcastImageProcessor.swift; sourceTree = "<group>"; };
		D12225BE5BF502C3AA38A94F /* HomeView.swift */ = {isa = PBXFileReference; lastKnownFileType = sourcecode.swift; path = HomeView.swift; sourceTree = "<group>"; };
		D2BE589C77252DA5B3DB4935 /* FocusGuardWidget.entitlements */ = {isa = PBXFileReference; lastKnownFileType = text.plist.entitlements; path = FocusGuardWidget.entitlements; sourceTree = "<group>"; };
		D480760C6706A5696A83EB09 /* BroadcastUpload.entitlements */ = {isa = PBXFileReference; lastKnownFileType = text.plist.entitlements; path = BroadcastUpload.entitlements; sourceTree = "<group>"; };
		DC4362BA9E6E8227979E76D7 /* AnalysisPreferences.swift */ = {isa = PBXFileReference; lastKnownFileType = sourcecode.swift; path = AnalysisPreferences.swift; sourceTree = "<group>"; };
		DCD8DFEBA1D1341282E70F61 /* DHash64Tests.swift */ = {isa = PBXFileReference; lastKnownFileType = sourcecode.swift; path = DHash64Tests.swift; sourceTree = "<group>"; };
		FFEF65C7DC6B3D7F41202DE2 /* BroadcastAuthorizationSheet.swift */ = {isa = PBXFileReference; lastKnownFileType = sourcecode.swift; path = BroadcastAuthorizationSheet.swift; sourceTree = "<group>"; };
/* End PBXFileReference section */

/* Begin PBXFrameworksBuildPhase section */
		5203AC14A6788B68717200A4 /* Frameworks */ = {
			isa = PBXFrameworksBuildPhase;
			buildActionMask = 2147483647;
			files = (
				6314533933599DCAB5D6FB66 /* SharedCore.framework in Frameworks */,
			);
			runOnlyForDeploymentPostprocessing = 0;
		};
		5C0CDF7263C29A07544390E4 /* Frameworks */ = {
			isa = PBXFrameworksBuildPhase;
			buildActionMask = 2147483647;
			files = (
				6F023C3F7F3CFF00B4845C38 /* SharedCore.framework in Frameworks */,
			);
			runOnlyForDeploymentPostprocessing = 0;
		};
		935709815DFE51AB2005FE18 /* Frameworks */ = {
			isa = PBXFrameworksBuildPhase;
			buildActionMask = 2147483647;
			files = (
				9CDDA8D2BD510B185BD61259 /* SharedCore.framework in Frameworks */,
			);
			runOnlyForDeploymentPostprocessing = 0;
		};
		CB018313D430C610F02F3700 /* Frameworks */ = {
			isa = PBXFrameworksBuildPhase;
			buildActionMask = 2147483647;
			files = (
				0F75F52A1851EAC7CA5ABA55 /* SharedCore.framework in Frameworks */,
			);
			runOnlyForDeploymentPostprocessing = 0;
		};
/* End PBXFrameworksBuildPhase section */

/* Begin PBXGroup section */
		07FA64EEC4A17050DD324A1F /* Sources */ = {
			isa = PBXGroup;
			children = (
				45B91ACB8DB7CD68ED1717D2 /* App */,
				2214B76B3F41F7AFDE6853F2 /* Components */,
				5B2BB895F0D5AF2AD868AA2C /* Models */,
				14D7FB2BA4061E8B2A2F967F /* Services */,
				2B6AED882ACCB6236E0C946C /* Views */,
			);
			path = Sources;
			sourceTree = "<group>";
		};
		10E4F0C1AA14E552A609088B /* BroadcastUploadExtension */ = {
			isa = PBXGroup;
			children = (
				CACAA698CA5414AE384C2B89 /* BroadcastImageProcessor.swift */,
				D480760C6706A5696A83EB09 /* BroadcastUpload.entitlements */,
				3B5FFF0B5DE83442D7933874 /* Info.plist */,
				AAD7FF83FED42BBB85E8D0AF /* SampleHandler.swift */,
			);
			path = BroadcastUploadExtension;
			sourceTree = "<group>";
		};
		13111991A00F60C102E7C165 /* SharedCore */ = {
			isa = PBXGroup;
			children = (
				32466E9CFD01F49B93D2E7F0 /* Sources */,
			);
			path = SharedCore;
			sourceTree = "<group>";
		};
		14D7FB2BA4061E8B2A2F967F /* Services */ = {
			isa = PBXGroup;
			children = (
				24E523C420700029A404BBA8 /* BackupCoordinator.swift */,
				C312E4D886749D7E080F4E6F /* LiveActivityController.swift */,
				3671609015985539698FBE4B /* NotificationService.swift */,
				BAB29E367C8F96CAA7EEF4B7 /* ProviderStore.swift */,
			);
			path = Services;
			sourceTree = "<group>";
		};
		2214B76B3F41F7AFDE6853F2 /* Components */ = {
			isa = PBXGroup;
			children = (
				33EBA6D38527E68A613E02A4 /* BroadcastPickerView.swift */,
				C2593EAF7EEB3157FB61353B /* DurationPickerComponents.swift */,
				0B9B6DE8C532F3E23D357385 /* FocusCard.swift */,
			);
			path = Components;
			sourceTree = "<group>";
		};
		2B6AED882ACCB6236E0C946C /* Views */ = {
			isa = PBXGroup;
			children = (
				FFEF65C7DC6B3D7F41202DE2 /* BroadcastAuthorizationSheet.swift */,
				839EE0E9E7AAF67B75B3F1E5 /* DurationPresetEditorView.swift */,
				332D16B5C4C60F4E67C5FEFA /* HistoryView.swift */,
				D12225BE5BF502C3AA38A94F /* HomeView.swift */,
				61B97656D00A6B872968ABB4 /* OnboardingView.swift */,
				6A10E325E4BB926993FEDE5E /* ProviderEditorView.swift */,
				C634AABC14829E456EC76E32 /* RootView.swift */,
				C8F34769E26FFD63F0107C82 /* SessionDetailView.swift */,
				8D5484FB09292392803AACBE /* SettingsView.swift */,
			);
			path = Views;
			sourceTree = "<group>";
		};
		32466E9CFD01F49B93D2E7F0 /* Sources */ = {
			isa = PBXGroup;
			children = (
				DC4362BA9E6E8227979E76D7 /* AnalysisPreferences.swift */,
				BF02E223CCA763B81ED5317C /* BackupModels.swift */,
				6B47EC3A98CF5907756F82A6 /* BroadcastLifecycle.swift */,
				2DF9560718BF9D2140D52004 /* DHash64.swift */,
				0387C671696BAEB63EEF5ACC /* DurationPreferences.swift */,
				77319C3AA374807D9BCE9ADF /* FocusAnalytics.swift */,
				9D2C24562E39CE94D3B3940E /* FocusDuration.swift */,
				8DD5FF3B5DDC7C68E5B41903 /* FocusModels.swift */,
				AA9C2D3A0D4D6D3E938CB021 /* InterventionEngine.swift */,
				93C018B1B74AFD2FE72513AD /* KeychainAccessGroupResolver.swift */,
				A9A1C42C7857A42190B93C58 /* KeychainStore.swift */,
				7E94551C23ED2BB967E1A31C /* ProviderConfig.swift */,
				2444363C565B8C21A6E2E92D /* ReminderPreferences.swift */,
				705636130CAF664906C21E4A /* SessionMetrics.swift */,
				7E08D419DD0D19E1D6B94072 /* SharedConstants.swift */,
				3CB5F270CFE6C0E0C5421F77 /* SharedKeychainBridge.swift */,
				7FA68BD174EB284E6D13F94C /* SharedStores.swift */,
				0077B35E4DF233BD6A55E3BB /* VisionAnalysisService.swift */,
			);
			path = Sources;
			sourceTree = "<group>";
		};
		3AFAF3CDA686B17864BAB199 /* ActivityShared */ = {
			isa = PBXGroup;
			children = (
				7F942A30A50AED3E1DAAB0CE /* FocusActivityAttributes.swift */,
			);
			path = ActivityShared;
			sourceTree = "<group>";
		};
		45B91ACB8DB7CD68ED1717D2 /* App */ = {
			isa = PBXGroup;
			children = (
				536F3B6EC85D51A7292DEAB0 /* AppModel.swift */,
				6F11FBF80A302761A362298E /* AppRouter.swift */,
				7D58EE69A6541B65597EF0D1 /* FocusGuardApp.swift */,
			);
			path = App;
			sourceTree = "<group>";
		};
		484908A34A0CCAD2F07D9C09 /* FocusGuardApp */ = {
			isa = PBXGroup;
			children = (
				C3A10D0373DE52182DBDA13D /* Resources */,
				07FA64EEC4A17050DD324A1F /* Sources */,
			);
			path = FocusGuardApp;
			sourceTree = "<group>";
		};
		5B2BB895F0D5AF2AD868AA2C /* Models */ = {
			isa = PBXGroup;
			children = (
			);
			path = Models;
			sourceTree = "<group>";
		};
		605C6E1F624F90C77C0CF90D = {
			isa = PBXGroup;
			children = (
				3AFAF3CDA686B17864BAB199 /* ActivityShared */,
				10E4F0C1AA14E552A609088B /* BroadcastUploadExtension */,
				DF2C6C6A709C6FBB5EF90FEE /* Config */,
				484908A34A0CCAD2F07D9C09 /* FocusGuardApp */,
				EE25588FC147C6A0F53AF7DC /* FocusGuardTests */,
				E450713915369F18894A9EA0 /* FocusGuardWidget */,
				13111991A00F60C102E7C165 /* SharedCore */,
				DAD9EF9044170341F79C800F /* SharedCoreTests */,
				F1DC915418C3DFD94EC12ABF /* Products */,
			);
			sourceTree = "<group>";
		};
		C3A10D0373DE52182DBDA13D /* Resources */ = {
			isa = PBXGroup;
			children = (
				37A3DA685A53635A3DF24B9E /* Assets.xcassets */,
				2A0B842F2C103F110F07151D /* Localizable.xcstrings */,
			);
			path = Resources;
			sourceTree = "<group>";
		};
		DAD9EF9044170341F79C800F /* SharedCoreTests */ = {
			isa = PBXGroup;
			children = (
				DCD8DFEBA1D1341282E70F61 /* DHash64Tests.swift */,
				3ADBF26507C4304152A1E88F /* InterventionEngineTests.swift */,
				C76BC107B127999638EBC1B0 /* ProviderAndJSONTests.swift */,
				5813ED4B822218FC06EE6E13 /* SessionMetricsTests.swift */,
				C8E0D1AC30A119BF5D946F01 /* SharedStoresTests.swift */,
			);
			path = SharedCoreTests;
			sourceTree = "<group>";
		};
		DF2C6C6A709C6FBB5EF90FEE /* Config */ = {
			isa = PBXGroup;
			children = (
				56D598064EECFEB0E6921C98 /* Signing.xcconfig */,
			);
			path = Config;
			sourceTree = "<group>";
		};
		E450713915369F18894A9EA0 /* FocusGuardWidget */ = {
			isa = PBXGroup;
			children = (
				D2BE589C77252DA5B3DB4935 /* FocusGuardWidget.entitlements */,
				52BC748842A2A96DB63C3C83 /* FocusGuardWidget.swift */,
				7E1EDDAA0545C032658FDBAD /* Info.plist */,
			);
			path = FocusGuardWidget;
			sourceTree = "<group>";
		};
		EE25588FC147C6A0F53AF7DC /* FocusGuardTests */ = {
			isa = PBXGroup;
			children = (
				A0F6E6538DA76CA0CBE1400D /* AppSmokeTests.swift */,
			);
			path = FocusGuardTests;
			sourceTree = "<group>";
		};
		F1DC915418C3DFD94EC12ABF /* Products */ = {
			isa = PBXGroup;
			children = (
				925038D467817288BF03C5CA /* BroadcastUploadExtension.appex */,
				C5A9A6B3A2300DE7E4C6F25B /* FocusGuard.app */,
				0BDFE5C85A638371D481520C /* FocusGuardTests.xctest */,
				1856439036532F30A9A638FD /* FocusGuardWidget.appex */,
				6851C797EE30B8B90E4A714B /* SharedCore.framework */,
			);
			name = Products;
			sourceTree = "<group>";
		};
/* End PBXGroup section */

/* Begin PBXNativeTarget section */
		6A3A74EBB6068CFD13E89610 /* FocusGuardTests */ = {
			isa = PBXNativeTarget;
			buildConfigurationList = 72852692ED6A419487D147DF /* Build configuration list for PBXNativeTarget "FocusGuardTests" */;
			buildPhases = (
				372FC2143DD747B0A4A0C411 /* Sources */,
				CB018313D430C610F02F3700 /* Frameworks */,
			);
			buildRules = (
			);
			dependencies = (
				17DABA02F7A2A11D6A84E92C /* PBXTargetDependency */,
			);
			name = FocusGuardTests;
			packageProductDependencies = (
			);
			productName = FocusGuardTests;
			productReference = 0BDFE5C85A638371D481520C /* FocusGuardTests.xctest */;
			productType = "com.apple.product-type.bundle.unit-test";
		};
		6DF3988E425C2007636B04F9 /* FocusGuard */ = {
			isa = PBXNativeTarget;
			buildConfigurationList = DED6123032CF92F56B3EBEAC /* Build configuration list for PBXNativeTarget "FocusGuard" */;
			buildPhases = (
				5B1225E291FFC0F3F304C49B /* Sources */,
				E8D2B979F6B91880E5A0E20C /* Resources */,
				5C0CDF7263C29A07544390E4 /* Frameworks */,
				45BC7CD01F93ED057061465B /* Embed Foundation Extensions */,
			);
			buildRules = (
			);
			dependencies = (
				BAFAA3B0356C75526F141E88 /* PBXTargetDependency */,
				60F317CB7A13EAFDDCE0E9D4 /* PBXTargetDependency */,
				A3E69C8B805A684B20CBBA74 /* PBXTargetDependency */,
			);
			name = FocusGuard;
			packageProductDependencies = (
			);
			productName = FocusGuard;
			productReference = C5A9A6B3A2300DE7E4C6F25B /* FocusGuard.app */;
			productType = "com.apple.product-type.application";
		};
		7C39C17FA58FEF50B801BCAA /* BroadcastUploadExtension */ = {
			isa = PBXNativeTarget;
			buildConfigurationList = D1B78EDFE0BA1EE869223F99 /* Build configuration list for PBXNativeTarget "BroadcastUploadExtension" */;
			buildPhases = (
				FA0AA51A7FBD6AFBF03D051B /* Sources */,
				1F418728CB925436AED48AA4 /* Resources */,
				5203AC14A6788B68717200A4 /* Frameworks */,
			);
			buildRules = (
			);
			dependencies = (
				57DC00960D2AE3C321EE0E9A /* PBXTargetDependency */,
			);
			name = BroadcastUploadExtension;
			packageProductDependencies = (
			);
			productName = BroadcastUploadExtension;
			productReference = 925038D467817288BF03C5CA /* BroadcastUploadExtension.appex */;
			productType = "com.apple.product-type.app-extension";
		};
		C9595EF0B13423C24557285B /* SharedCore */ = {
			isa = PBXNativeTarget;
			buildConfigurationList = 08CE48408841BCE79E3089B5 /* Build configuration list for PBXNativeTarget "SharedCore" */;
			buildPhases = (
				96ED5909B72E6A76F46E1232 /* Sources */,
			);
			buildRules = (
			);
			dependencies = (
			);
			name = SharedCore;
			packageProductDependencies = (
			);
			productName = SharedCore;
			productReference = 6851C797EE30B8B90E4A714B /* SharedCore.framework */;
			productType = "com.apple.product-type.framework";
		};
		FF6C5718A0A786EE94C4B4A8 /* FocusGuardWidget */ = {
			isa = PBXNativeTarget;
			buildConfigurationList = C2141500678B11BEB0D566AE /* Build configuration list for PBXNativeTarget "FocusGuardWidget" */;
			buildPhases = (
				A5C3477C473F7C1D1F4ED473 /* Sources */,
				E0142D3A13CDA04336F16D72 /* Resources */,
				935709815DFE51AB2005FE18 /* Frameworks */,
			);
			buildRules = (
			);
			dependencies = (
				7802F13AFD6FE8485CEA9604 /* PBXTargetDependency */,
			);
			name = FocusGuardWidget;
			packageProductDependencies = (
			);
			productName = FocusGuardWidget;
			productReference = 1856439036532F30A9A638FD /* FocusGuardWidget.appex */;
			productType = "com.apple.product-type.app-extension";
		};
/* End PBXNativeTarget section */

/* Begin PBXProject section */
		5BDC1D06F5E2185760F6E71D /* Project object */ = {
			isa = PBXProject;
			attributes = {
				BuildIndependentTargetsInParallel = YES;
				LastUpgradeCheck = 1430;
				TargetAttributes = {
					6A3A74EBB6068CFD13E89610 = {
						DevelopmentTeam = "$(FOCUSGUARD_DEVELOPMENT_TEAM)";
						ProvisioningStyle = Automatic;
					};
					6DF3988E425C2007636B04F9 = {
						DevelopmentTeam = "$(FOCUSGUARD_DEVELOPMENT_TEAM)";
						ProvisioningStyle = Automatic;
					};
					7C39C17FA58FEF50B801BCAA = {
						DevelopmentTeam = "$(FOCUSGUARD_DEVELOPMENT_TEAM)";
						ProvisioningStyle = Automatic;
					};
					C9595EF0B13423C24557285B = {
						DevelopmentTeam = "$(FOCUSGUARD_DEVELOPMENT_TEAM)";
						ProvisioningStyle = Automatic;
					};
					FF6C5718A0A786EE94C4B4A8 = {
						DevelopmentTeam = "$(FOCUSGUARD_DEVELOPMENT_TEAM)";
						ProvisioningStyle = Automatic;
					};
				};
			};
			buildConfigurationList = EA35E766558467AC0EC40ACD /* Build configuration list for PBXProject "FocusGuard" */;
			developmentRegion = en;
			hasScannedForEncodings = 0;
			knownRegions = (
				Base,
				en,
				"zh-Hans",
			);
			mainGroup = 605C6E1F624F90C77C0CF90D;
			minimizedProjectReferenceProxies = 1;
			preferredProjectObjectVersion = 77;
			productRefGroup = F1DC915418C3DFD94EC12ABF /* Products */;
			projectDirPath = "";
			projectRoot = "";
			targets = (
				7C39C17FA58FEF50B801BCAA /* BroadcastUploadExtension */,
				6DF3988E425C2007636B04F9 /* FocusGuard */,
				6A3A74EBB6068CFD13E89610 /* FocusGuardTests */,
				FF6C5718A0A786EE94C4B4A8 /* FocusGuardWidget */,
				C9595EF0B13423C24557285B /* SharedCore */,
			);
		};
/* End PBXProject section */

/* Begin PBXResourcesBuildPhase section */
		1F418728CB925436AED48AA4 /* Resources */ = {
			isa = PBXResourcesBuildPhase;
			buildActionMask = 2147483647;
			files = (
				38463CDA49499DE49904FD23 /* Localizable.xcstrings in Resources */,
			);
			runOnlyForDeploymentPostprocessing = 0;
		};
		E0142D3A13CDA04336F16D72 /* Resources */ = {
			isa = PBXResourcesBuildPhase;
			buildActionMask = 2147483647;
			files = (
				8BF2F767C00DD9F9FED81790 /* Localizable.xcstrings in Resources */,
			);
			runOnlyForDeploymentPostprocessing = 0;
		};
		E8D2B979F6B91880E5A0E20C /* Resources */ = {
			isa = PBXResourcesBuildPhase;
			buildActionMask = 2147483647;
			files = (
				60AD6A0A2E2C7064E2E50D7D /* Assets.xcassets in Resources */,
				CF1DC3527DFF0A19BC57CA85 /* Localizable.xcstrings in Resources */,
			);
			runOnlyForDeploymentPostprocessing = 0;
		};
/* End PBXResourcesBuildPhase section */

/* Begin PBXSourcesBuildPhase section */
		372FC2143DD747B0A4A0C411 /* Sources */ = {
			isa = PBXSourcesBuildPhase;
			buildActionMask = 2147483647;
			files = (
				A74695CCF38110C71BF7000D /* AppSmokeTests.swift in Sources */,
				D78C8AD6BA3FE4443E119DDE /* DHash64Tests.swift in Sources */,
				CD84938A574833CFDEDD87E6 /* InterventionEngineTests.swift in Sources */,
				01BE2DAAA4A424E8A03BAFA0 /* ProviderAndJSONTests.swift in Sources */,
				84E0F493172B1683174C331F /* SessionMetricsTests.swift in Sources */,
				9066B4E45B8AC9E377349625 /* SharedStoresTests.swift in Sources */,
			);
			runOnlyForDeploymentPostprocessing = 0;
		};
		5B1225E291FFC0F3F304C49B /* Sources */ = {
			isa = PBXSourcesBuildPhase;
			buildActionMask = 2147483647;
			files = (
				ED4F4D0F34B2760208E469FF /* AppModel.swift in Sources */,
				878413CF6DBABEB9E4F7B5FD /* AppRouter.swift in Sources */,
				D5D8725866E58137ABF683F4 /* BackupCoordinator.swift in Sources */,
				241787C7EDCE2FDA09584B94 /* BroadcastAuthorizationSheet.swift in Sources */,
				346BF753721191C392FC3772 /* BroadcastPickerView.swift in Sources */,
				561E90EC75DFA6F999618E54 /* DurationPickerComponents.swift in Sources */,
				37C028AAA2480F611253FEC3 /* DurationPresetEditorView.swift in Sources */,
				2074D7DEB44509D825F22400 /* FocusActivityAttributes.swift in Sources */,
				7A984C307EF67595E50F627E /* FocusCard.swift in Sources */,
				E546DB74D9C908FBC5BB859F /* FocusGuardApp.swift in Sources */,
				7C5FC8050F517C2E7854D429 /* HistoryView.swift in Sources */,
				9CA2A8B47AD27627B5CA4AA7 /* HomeView.swift in Sources */,
				7067FE3A9455C922BFDC2DC5 /* LiveActivityController.swift in Sources */,
				21B8FE0720CF88C62AC1E8E0 /* NotificationService.swift in Sources */,
				C0B2D571C58B488065597E68 /* OnboardingView.swift in Sources */,
				7E2F80AFA0F70D01C0F88F04 /* ProviderEditorView.swift in Sources */,
				8C6A16E3C9DFAA86CBCA7515 /* ProviderStore.swift in Sources */,
				4966ACC758F8B90A1D3A9E47 /* RootView.swift in Sources */,
				31C9DC0262A9F5297AA25DD9 /* SessionDetailView.swift in Sources */,
				56AFECD6EA531C1FD549198A /* SettingsView.swift in Sources */,
			);
			runOnlyForDeploymentPostprocessing = 0;
		};
		96ED5909B72E6A76F46E1232 /* Sources */ = {
			isa = PBXSourcesBuildPhase;
			buildActionMask = 2147483647;
			files = (
				B48C46A5C3831948F6747EDB /* AnalysisPreferences.swift in Sources */,
				68C8969F44A1DA4D72C255B2 /* BackupModels.swift in Sources */,
				2273F0606CD1711BDA8E26FA /* BroadcastLifecycle.swift in Sources */,
				55B3CD8ED97196817860A9B2 /* DHash64.swift in Sources */,
				DE1C12277FDAE96F64D53182 /* DurationPreferences.swift in Sources */,
				B5AD406D6FB0D8B9E24277FF /* FocusAnalytics.swift in Sources */,
				2BF4EF6F87788E0AB687D74E /* FocusDuration.swift in Sources */,
				558D0A55AF6492B3E8E7F0D6 /* FocusModels.swift in Sources */,
				616D6ECA5379562E033B2FB7 /* InterventionEngine.swift in Sources */,
				7CACC00B38E31F7F074E22AA /* KeychainAccessGroupResolver.swift in Sources */,
				EB4A2F6CD42E44CCE111BAC6 /* KeychainStore.swift in Sources */,
				8AF9D5D58991E6BA33694911 /* ProviderConfig.swift in Sources */,
				96DF9206F2027D5C99BF996A /* ReminderPreferences.swift in Sources */,
				920C82D11708E388249CF192 /* SessionMetrics.swift in Sources */,
				FAD55AEBD3DD9326BAABE7EA /* SharedConstants.swift in Sources */,
				F19E50DBE25CE25940AE035A /* SharedKeychainBridge.swift in Sources */,
				06682ECFAA3FE93F3FE06424 /* SharedStores.swift in Sources */,
				10FA4CF0506DDD370FAC75C5 /* VisionAnalysisService.swift in Sources */,
			);
			runOnlyForDeploymentPostprocessing = 0;
		};
		A5C3477C473F7C1D1F4ED473 /* Sources */ = {
			isa = PBXSourcesBuildPhase;
			buildActionMask = 2147483647;
			files = (
				CCBC9181746939F92E74075C /* FocusActivityAttributes.swift in Sources */,
				CE4520EB1A503009D8241783 /* FocusGuardWidget.swift in Sources */,
			);
			runOnlyForDeploymentPostprocessing = 0;
		};
		FA0AA51A7FBD6AFBF03D051B /* Sources */ = {
			isa = PBXSourcesBuildPhase;
			buildActionMask = 2147483647;
			files = (
				B24DC0853505552918C2AA93 /* BroadcastImageProcessor.swift in Sources */,
				16628C9EE7F1B4B39254955E /* SampleHandler.swift in Sources */,
			);
			runOnlyForDeploymentPostprocessing = 0;
		};
/* End PBXSourcesBuildPhase section */

/* Begin PBXTargetDependency section */
		17DABA02F7A2A11D6A84E92C /* PBXTargetDependency */ = {
			isa = PBXTargetDependency;
			target = C9595EF0B13423C24557285B /* SharedCore */;
			targetProxy = D530AEFA73A272364884337B /* PBXContainerItemProxy */;
		};
		57DC00960D2AE3C321EE0E9A /* PBXTargetDependency */ = {
			isa = PBXTargetDependency;
			target = C9595EF0B13423C24557285B /* SharedCore */;
			targetProxy = D4ACDFE321A4FB4CD9912484 /* PBXContainerItemProxy */;
		};
		60F317CB7A13EAFDDCE0E9D4 /* PBXTargetDependency */ = {
			isa = PBXTargetDependency;
			target = 7C39C17FA58FEF50B801BCAA /* BroadcastUploadExtension */;
			targetProxy = 1750F0973B3F8A8FF48693DA /* PBXContainerItemProxy */;
		};
		7802F13AFD6FE8485CEA9604 /* PBXTargetDependency */ = {
			isa = PBXTargetDependency;
			target = C9595EF0B13423C24557285B /* SharedCore */;
			targetProxy = B608FF086613C8251F6CDFF5 /* PBXContainerItemProxy */;
		};
		A3E69C8B805A684B20CBBA74 /* PBXTargetDependency */ = {
			isa = PBXTargetDependency;
			target = FF6C5718A0A786EE94C4B4A8 /* FocusGuardWidget */;
			targetProxy = 94D6CD6A67C60B2320309990 /* PBXContainerItemProxy */;
		};
		BAFAA3B0356C75526F141E88 /* PBXTargetDependency */ = {
			isa = PBXTargetDependency;
			target = C9595EF0B13423C24557285B /* SharedCore */;
			targetProxy = F279E78769A11D7FAF28B16D /* PBXContainerItemProxy */;
		};
/* End PBXTargetDependency section */

/* Begin XCBuildConfiguration section */
		087B75F93625663BB85308BF /* Release */ = {
			isa = XCBuildConfiguration;
			buildSettings = {
				BUNDLE_LOADER = "$(TEST_HOST)";
				GENERATE_INFOPLIST_FILE = YES;
				LD_RUNPATH_SEARCH_PATHS = (
					"$(inherited)",
					"@executable_path/Frameworks",
					"@loader_path/Frameworks",
				);
				PRODUCT_BUNDLE_IDENTIFIER = com.huangjiawen.focusguard.tests;
				SDKROOT = iphoneos;
				TARGETED_DEVICE_FAMILY = "1,2";
			};
			name = Release;
		};
		0BBDE92B9937CAABC9D522A5 /* Debug */ = {
			isa = XCBuildConfiguration;
			buildSettings = {
				CODE_SIGN_ENTITLEMENTS = FocusGuardWidget/FocusGuardWidget.entitlements;
				INFOPLIST_FILE = FocusGuardWidget/Info.plist;
				LD_RUNPATH_SEARCH_PATHS = (
					"$(inherited)",
					"@executable_path/Frameworks",
					"@executable_path/../../Frameworks",
				);
				PRODUCT_BUNDLE_IDENTIFIER = com.huangjiawen.focusguard.Widget;
				SDKROOT = iphoneos;
				SKIP_INSTALL = YES;
				TARGETED_DEVICE_FAMILY = "1,2";
			};
			name = Debug;
		};
		118FADF9C05BBA285AED6726 /* Release */ = {
			isa = XCBuildConfiguration;
			baseConfigurationReference = 56D598064EECFEB0E6921C98 /* Signing.xcconfig */;
			buildSettings = {
				ALWAYS_SEARCH_USER_PATHS = NO;
				CLANG_ANALYZER_NONNULL = YES;
				CLANG_ANALYZER_NUMBER_OBJECT_CONVERSION = YES_AGGRESSIVE;
				CLANG_CXX_LANGUAGE_STANDARD = "gnu++14";
				CLANG_CXX_LIBRARY = "libc++";
				CLANG_ENABLE_MODULES = YES;
				CLANG_ENABLE_OBJC_ARC = YES;
				CLANG_ENABLE_OBJC_WEAK = YES;
				CLANG_WARN_BLOCK_CAPTURE_AUTORELEASING = YES;
				CLANG_WARN_BOOL_CONVERSION = YES;
				CLANG_WARN_COMMA = YES;
				CLANG_WARN_CONSTANT_CONVERSION = YES;
				CLANG_WARN_DEPRECATED_OBJC_IMPLEMENTATIONS = YES;
				CLANG_WARN_DIRECT_OBJC_ISA_USAGE = YES_ERROR;
				CLANG_WARN_DOCUMENTATION_COMMENTS = YES;
				CLANG_WARN_EMPTY_BODY = YES;
				CLANG_WARN_ENUM_CONVERSION = YES;
				CLANG_WARN_INFINITE_RECURSION = YES;
				CLANG_WARN_INT_CONVERSION = YES;
				CLANG_WARN_NON_LITERAL_NULL_CONVERSION = YES;
				CLANG_WARN_OBJC_IMPLICIT_RETAIN_SELF = YES;
				CLANG_WARN_OBJC_LITERAL_CONVERSION = YES;
				CLANG_WARN_OBJC_ROOT_CLASS = YES_ERROR;
				CLANG_WARN_QUOTED_INCLUDE_IN_FRAMEWORK_HEADER = YES;
				CLANG_WARN_RANGE_LOOP_ANALYSIS = YES;
				CLANG_WARN_STRICT_PROTOTYPES = YES;
				CLANG_WARN_SUSPICIOUS_MOVE = YES;
				CLANG_WARN_UNGUARDED_AVAILABILITY = YES_AGGRESSIVE;
				CLANG_WARN_UNREACHABLE_CODE = YES;
				CLANG_WARN__DUPLICATE_METHOD_MATCH = YES;
				CODE_SIGN_STYLE = Automatic;
				COPY_PHASE_STRIP = NO;
				CURRENT_PROJECT_VERSION = 5;
				DEBUG_INFORMATION_FORMAT = "dwarf-with-dsym";
				ENABLE_NS_ASSERTIONS = NO;
				ENABLE_STRICT_OBJC_MSGSEND = YES;
				GCC_C_LANGUAGE_STANDARD = gnu11;
				GCC_NO_COMMON_BLOCKS = YES;
				GCC_WARN_64_TO_32_BIT_CONVERSION = YES;
				GCC_WARN_ABOUT_RETURN_TYPE = YES_ERROR;
				GCC_WARN_UNDECLARED_SELECTOR = YES;
				GCC_WARN_UNINITIALIZED_AUTOS = YES_AGGRESSIVE;
				GCC_WARN_UNUSED_FUNCTION = YES;
				GCC_WARN_UNUSED_VARIABLE = YES;
				IPHONEOS_DEPLOYMENT_TARGET = 18.0;
				LOCALIZATION_PREFERS_STRING_CATALOGS = YES;
				MARKETING_VERSION = 1.1.0;
				MTL_ENABLE_DEBUG_INFO = NO;
				MTL_FAST_MATH = YES;
				PRODUCT_NAME = "$(TARGET_NAME)";
				SDKROOT = iphoneos;
				SWIFT_COMPILATION_MODE = wholemodule;
				SWIFT_EMIT_LOC_STRINGS = YES;
				SWIFT_OPTIMIZATION_LEVEL = "-O";
				SWIFT_STRICT_CONCURRENCY = complete;
				SWIFT_VERSION = 6.0;
				TARGETED_DEVICE_FAMILY = "1,2";
			};
			name = Release;
		};
		1F6C8B28E55D3AF4D7B90718 /* Debug */ = {
			isa = XCBuildConfiguration;
			buildSettings = {
				CODE_SIGN_IDENTITY = "";
				CURRENT_PROJECT_VERSION = 1;
				DEFINES_MODULE = YES;
				DYLIB_COMPATIBILITY_VERSION = 1;
				DYLIB_CURRENT_VERSION = 1;
				DYLIB_INSTALL_NAME_BASE = "@rpath";
				GENERATE_INFOPLIST_FILE = YES;
				INSTALL_PATH = "$(LOCAL_LIBRARY_DIR)/Frameworks";
				LD_RUNPATH_SEARCH_PATHS = (
					"$(inherited)",
					"@executable_path/Frameworks",
				);
				MACH_O_TYPE = staticlib;
				PRODUCT_BUNDLE_IDENTIFIER = com.huangjiawen.focusguard.SharedCore;
				SDKROOT = iphoneos;
				SKIP_INSTALL = YES;
				TARGETED_DEVICE_FAMILY = "1,2";
				VERSIONING_SYSTEM = "apple-generic";
			};
			name = Debug;
		};
		3BD590DEC9D44B9EC9B1BF4F /* Debug */ = {
			isa = XCBuildConfiguration;
			baseConfigurationReference = 56D598064EECFEB0E6921C98 /* Signing.xcconfig */;
			buildSettings = {
				ALWAYS_SEARCH_USER_PATHS = NO;
				CLANG_ANALYZER_NONNULL = YES;
				CLANG_ANALYZER_NUMBER_OBJECT_CONVERSION = YES_AGGRESSIVE;
				CLANG_CXX_LANGUAGE_STANDARD = "gnu++14";
				CLANG_CXX_LIBRARY = "libc++";
				CLANG_ENABLE_MODULES = YES;
				CLANG_ENABLE_OBJC_ARC = YES;
				CLANG_ENABLE_OBJC_WEAK = YES;
				CLANG_WARN_BLOCK_CAPTURE_AUTORELEASING = YES;
				CLANG_WARN_BOOL_CONVERSION = YES;
				CLANG_WARN_COMMA = YES;
				CLANG_WARN_CONSTANT_CONVERSION = YES;
				CLANG_WARN_DEPRECATED_OBJC_IMPLEMENTATIONS = YES;
				CLANG_WARN_DIRECT_OBJC_ISA_USAGE = YES_ERROR;
				CLANG_WARN_DOCUMENTATION_COMMENTS = YES;
				CLANG_WARN_EMPTY_BODY = YES;
				CLANG_WARN_ENUM_CONVERSION = YES;
				CLANG_WARN_INFINITE_RECURSION = YES;
				CLANG_WARN_INT_CONVERSION = YES;
				CLANG_WARN_NON_LITERAL_NULL_CONVERSION = YES;
				CLANG_WARN_OBJC_IMPLICIT_RETAIN_SELF = YES;
				CLANG_WARN_OBJC_LITERAL_CONVERSION = YES;
				CLANG_WARN_OBJC_ROOT_CLASS = YES_ERROR;
				CLANG_WARN_QUOTED_INCLUDE_IN_FRAMEWORK_HEADER = YES;
				CLANG_WARN_RANGE_LOOP_ANALYSIS = YES;
				CLANG_WARN_STRICT_PROTOTYPES = YES;
				CLANG_WARN_SUSPICIOUS_MOVE = YES;
				CLANG_WARN_UNGUARDED_AVAILABILITY = YES_AGGRESSIVE;
				CLANG_WARN_UNREACHABLE_CODE = YES;
				CLANG_WARN__DUPLICATE_METHOD_MATCH = YES;
				CODE_SIGN_STYLE = Automatic;
				COPY_PHASE_STRIP = NO;
				CURRENT_PROJECT_VERSION = 5;
				DEBUG_INFORMATION_FORMAT = dwarf;
				ENABLE_STRICT_OBJC_MSGSEND = YES;
				ENABLE_TESTABILITY = YES;
				GCC_C_LANGUAGE_STANDARD = gnu11;
				GCC_DYNAMIC_NO_PIC = NO;
				GCC_NO_COMMON_BLOCKS = YES;
				GCC_OPTIMIZATION_LEVEL = 0;
				GCC_PREPROCESSOR_DEFINITIONS = (
					"$(inherited)",
					"DEBUG=1",
				);
				GCC_WARN_64_TO_32_BIT_CONVERSION = YES;
				GCC_WARN_ABOUT_RETURN_TYPE = YES_ERROR;
				GCC_WARN_UNDECLARED_SELECTOR = YES;
				GCC_WARN_UNINITIALIZED_AUTOS = YES_AGGRESSIVE;
				GCC_WARN_UNUSED_FUNCTION = YES;
				GCC_WARN_UNUSED_VARIABLE = YES;
				IPHONEOS_DEPLOYMENT_TARGET = 18.0;
				LOCALIZATION_PREFERS_STRING_CATALOGS = YES;
				MARKETING_VERSION = 1.1.0;
				MTL_ENABLE_DEBUG_INFO = INCLUDE_SOURCE;
				MTL_FAST_MATH = YES;
				ONLY_ACTIVE_ARCH = YES;
				PRODUCT_NAME = "$(TARGET_NAME)";
				SDKROOT = iphoneos;
				SWIFT_ACTIVE_COMPILATION_CONDITIONS = DEBUG;
				SWIFT_EMIT_LOC_STRINGS = YES;
				SWIFT_OPTIMIZATION_LEVEL = "-Onone";
				SWIFT_STRICT_CONCURRENCY = complete;
				SWIFT_VERSION = 6.0;
				TARGETED_DEVICE_FAMILY = "1,2";
			};
			name = Debug;
		};
		545DA328C1E39684A401420C /* Debug */ = {
			isa = XCBuildConfiguration;
			buildSettings = {
				CODE_SIGN_ENTITLEMENTS = BroadcastUploadExtension/BroadcastUpload.entitlements;
				INFOPLIST_FILE = BroadcastUploadExtension/Info.plist;
				LD_RUNPATH_SEARCH_PATHS = (
					"$(inherited)",
					"@executable_path/Frameworks",
					"@executable_path/../../Frameworks",
				);
				PRODUCT_BUNDLE_IDENTIFIER = com.huangjiawen.focusguard.BroadcastUpload;
				SDKROOT = iphoneos;
				SKIP_INSTALL = YES;
				TARGETED_DEVICE_FAMILY = "1,2";
			};
			name = Debug;
		};
		63454BBA5325F9A2A0E260DF /* Release */ = {
			isa = XCBuildConfiguration;
			buildSettings = {
				ASSETCATALOG_COMPILER_APPICON_NAME = AppIcon;
				CODE_SIGN_ENTITLEMENTS = FocusGuardApp/FocusGuard.entitlements;
				CODE_SIGN_IDENTITY = "iPhone Developer";
				INFOPLIST_FILE = FocusGuardApp/Info.plist;
				LD_RUNPATH_SEARCH_PATHS = (
					"$(inherited)",
					"@executable_path/Frameworks",
				);
				PRODUCT_BUNDLE_IDENTIFIER = com.huangjiawen.focusguard;
				SDKROOT = iphoneos;
				TARGETED_DEVICE_FAMILY = "1,2";
			};
			name = Release;
		};
		A69B97D41B54EC0DAF7D5AC7 /* Release */ = {
			isa = XCBuildConfiguration;
			buildSettings = {
				CODE_SIGN_IDENTITY = "";
				CURRENT_PROJECT_VERSION = 1;
				DEFINES_MODULE = YES;
				DYLIB_COMPATIBILITY_VERSION = 1;
				DYLIB_CURRENT_VERSION = 1;
				DYLIB_INSTALL_NAME_BASE = "@rpath";
				GENERATE_INFOPLIST_FILE = YES;
				INSTALL_PATH = "$(LOCAL_LIBRARY_DIR)/Frameworks";
				LD_RUNPATH_SEARCH_PATHS = (
					"$(inherited)",
					"@executable_path/Frameworks",
				);
				MACH_O_TYPE = staticlib;
				PRODUCT_BUNDLE_IDENTIFIER = com.huangjiawen.focusguard.SharedCore;
				SDKROOT = iphoneos;
				SKIP_INSTALL = YES;
				TARGETED_DEVICE_FAMILY = "1,2";
				VERSIONING_SYSTEM = "apple-generic";
			};
			name = Release;
		};
		B60AF66575A1BA06E6074DFB /* Release */ = {
			isa = XCBuildConfiguration;
			buildSettings = {
				CODE_SIGN_ENTITLEMENTS = FocusGuardWidget/FocusGuardWidget.entitlements;
				INFOPLIST_FILE = FocusGuardWidget/Info.plist;
				LD_RUNPATH_SEARCH_PATHS = (
					"$(inherited)",
					"@executable_path/Frameworks",
					"@executable_path/../../Frameworks",
				);
				PRODUCT_BUNDLE_IDENTIFIER = com.huangjiawen.focusguard.Widget;
				SDKROOT = iphoneos;
				SKIP_INSTALL = YES;
				TARGETED_DEVICE_FAMILY = "1,2";
			};
			name = Release;
		};
		C0C6315E3F3CBB8541C3E621 /* Release */ = {
			isa = XCBuildConfiguration;
			buildSettings = {
				CODE_SIGN_ENTITLEMENTS = BroadcastUploadExtension/BroadcastUpload.entitlements;
				INFOPLIST_FILE = BroadcastUploadExtension/Info.plist;
				LD_RUNPATH_SEARCH_PATHS = (
					"$(inherited)",
					"@executable_path/Frameworks",
					"@executable_path/../../Frameworks",
				);
				PRODUCT_BUNDLE_IDENTIFIER = com.huangjiawen.focusguard.BroadcastUpload;
				SDKROOT = iphoneos;
				SKIP_INSTALL = YES;
				TARGETED_DEVICE_FAMILY = "1,2";
			};
			name = Release;
		};
		C3CEDCE1BC04DCDBC2419F2C /* Debug */ = {
			isa = XCBuildConfiguration;
			buildSettings = {
				ASSETCATALOG_COMPILER_APPICON_NAME = AppIcon;
				CODE_SIGN_ENTITLEMENTS = FocusGuardApp/FocusGuard.entitlements;
				CODE_SIGN_IDENTITY = "iPhone Developer";
				INFOPLIST_FILE = FocusGuardApp/Info.plist;
				LD_RUNPATH_SEARCH_PATHS = (
					"$(inherited)",
					"@executable_path/Frameworks",
				);
				PRODUCT_BUNDLE_IDENTIFIER = com.huangjiawen.focusguard;
				SDKROOT = iphoneos;
				TARGETED_DEVICE_FAMILY = "1,2";
			};
			name = Debug;
		};
		CDFAB648EC10B2416FAAAED4 /* Debug */ = {
			isa = XCBuildConfiguration;
			buildSettings = {
				BUNDLE_LOADER = "$(TEST_HOST)";
				GENERATE_INFOPLIST_FILE = YES;
				LD_RUNPATH_SEARCH_PATHS = (
					"$(inherited)",
					"@executable_path/Frameworks",
					"@loader_path/Frameworks",
				);
				PRODUCT_BUNDLE_IDENTIFIER = com.huangjiawen.focusguard.tests;
				SDKROOT = iphoneos;
				TARGETED_DEVICE_FAMILY = "1,2";
			};
			name = Debug;
		};
/* End XCBuildConfiguration section */

/* Begin XCConfigurationList section */
		08CE48408841BCE79E3089B5 /* Build configuration list for PBXNativeTarget "SharedCore" */ = {
			isa = XCConfigurationList;
			buildConfigurations = (
				1F6C8B28E55D3AF4D7B90718 /* Debug */,
				A69B97D41B54EC0DAF7D5AC7 /* Release */,
			);
			defaultConfigurationIsVisible = 0;
			defaultConfigurationName = Debug;
		};
		72852692ED6A419487D147DF /* Build configuration list for PBXNativeTarget "FocusGuardTests" */ = {
			isa = XCConfigurationList;
			buildConfigurations = (
				CDFAB648EC10B2416FAAAED4 /* Debug */,
				087B75F93625663BB85308BF /* Release */,
			);
			defaultConfigurationIsVisible = 0;
			defaultConfigurationName = Debug;
		};
		C2141500678B11BEB0D566AE /* Build configuration list for PBXNativeTarget "FocusGuardWidget" */ = {
			isa = XCConfigurationList;
			buildConfigurations = (
				0BBDE92B9937CAABC9D522A5 /* Debug */,
				B60AF66575A1BA06E6074DFB /* Release */,
			);
			defaultConfigurationIsVisible = 0;
			defaultConfigurationName = Debug;
		};
		D1B78EDFE0BA1EE869223F99 /* Build configuration list for PBXNativeTarget "BroadcastUploadExtension" */ = {
			isa = XCConfigurationList;
			buildConfigurations = (
				545DA328C1E39684A401420C /* Debug */,
				C0C6315E3F3CBB8541C3E621 /* Release */,
			);
			defaultConfigurationIsVisible = 0;
			defaultConfigurationName = Debug;
		};
		DED6123032CF92F56B3EBEAC /* Build configuration list for PBXNativeTarget "FocusGuard" */ = {
			isa = XCConfigurationList;
			buildConfigurations = (
				C3CEDCE1BC04DCDBC2419F2C /* Debug */,
				63454BBA5325F9A2A0E260DF /* Release */,
			);
			defaultConfigurationIsVisible = 0;
			defaultConfigurationName = Debug;
		};
		EA35E766558467AC0EC40ACD /* Build configuration list for PBXProject "FocusGuard" */ = {
			isa = XCConfigurationList;
			buildConfigurations = (
				3BD590DEC9D44B9EC9B1BF4F /* Debug */,
				118FADF9C05BBA285AED6726 /* Release */,
			);
			defaultConfigurationIsVisible = 0;
			defaultConfigurationName = Debug;
		};
/* End XCConfigurationList section */
	};
	rootObject = 5BDC1D06F5E2185760F6E71D /* Project object */;
}
